
Microsoft Visual Studio Solution File, Format Version 12.00
# Visual Studio Version 16
VisualStudioVersion = 16.0.30413.136
MinimumVisualStudioVersion = 10.0.40219.1
Project("{9A19103F-16F7-4668-BE54-9A1E7A4F7556}") = "ModuloIII", "ConsoleApp1\ModuloIII.csproj", "{B75D0F4F-B2D5-44C7-A26B-6778C97F912F}"
EndProject
Project("{FAE04EC0-301F-11D3-BF4B-00C04F79EFBC}") = "ModuloIV", "ModuloIV\ModuloIV.csproj", "{E9988EDC-0C40-42B9-BF23-0481D3C4CD96}"
EndProject
Project("{FAE04EC0-301F-11D3-BF4B-00C04F79EFBC}") = "ModuloV", "ModuloV\ModuloV.csproj", "{942CE000-A3D5-4B2D-89C2-97682939C65F}"
EndProject
Project("{FAE04EC0-301F-11D3-BF4B-00C04F79EFBC}") = "ModuloVI", "ModuloVI\ModuloVI.csproj", "{035328F1-BCF6-46A0-ADB5-5226A66DB26B}"
EndProject
Project("{FAE04EC0-301F-11D3-BF4B-00C04F79EFBC}") = "ModuloIX", "ModuloIX\ModuloIX.csproj", "{EBAA2386-1BF8-4915-9AB4-029AF79BEFF6}"
EndProject
Global
	GlobalSection(SolutionConfigurationPlatforms) = preSolution
		Debug|Any CPU = Debug|Any CPU
		Release|Any CPU = Release|Any CPU
	EndGlobalSection
	GlobalSection(ProjectConfigurationPlatforms) = postSolution
		{B75D0F4F-B2D5-44C7-A26B-6778C97F912F}.Debug|Any CPU.ActiveCfg = Debug|Any CPU
		{B75D0F4F-B2D5-44C7-A26B-6778C97F912F}.Debug|Any CPU.Build.0 = Debug|Any CPU
		{B75D0F4F-B2D5-44C7-A26B-6778C97F912F}.Release|Any CPU.ActiveCfg = Release|Any CPU
		{B75D0F4F-B2D5-44C7-A26B-6778C97F912F}.Release|Any CPU.Build.0 = Release|Any CPU
		{E9988EDC-0C40-42B9-BF23-0481D3C4CD96}.Debug|Any CPU.ActiveCfg = Debug|Any CPU
		{E9988EDC-0C40-42B9-BF23-0481D3C4CD96}.Debug|Any CPU.Build.0 = Debug|Any CPU
		{E9988EDC-0C40-42B9-BF23-0481D3C4CD96}.Release|Any CPU.ActiveCfg = Release|Any CPU
		{E9988EDC-0C40-42B9-BF23-0481D3C4CD96}.Release|Any CPU.Build.0 = Release|Any CPU
		{942CE000-A3D5-4B2D-89C2-97682939C65F}.Debug|Any CPU.ActiveCfg = Debug|Any CPU
		{942CE000-A3D5-4B2D-89C2-97682939C65F}.Debug|Any CPU.Build.0 = Debug|Any CPU
		{942CE000-A3D5-4B2D-89C2-97682939C65F}.Release|Any CPU.ActiveCfg = Release|Any CPU
		{942CE000-A3D5-4B2D-89C2-97682939C65F}.Release|Any CPU.Build.0 = Release|Any CPU
		{035328F1-BCF6-46A0-ADB5-5226A66DB26B}.Debug|Any CPU.ActiveCfg = Debug|Any CPU
		{035328F1-BCF6-46A0-ADB5-5226A66DB26B}.Debug|Any CPU.Build.0 = Debug|Any CPU
		{035328F1-BCF6-46A0-ADB5-5226A66DB26B}.Release|Any CPU.ActiveCfg = Release|Any CPU
		{035328F1-BCF6-46A0-ADB5-5226A66DB26B}.Release|Any CPU.Build.0 = Release|Any CPU
		{EBAA2386-1BF8-4915-9AB4-029AF79BEFF6}.Debug|Any CPU.ActiveCfg = Debug|Any CPU
		{EBAA2386-1BF8-4915-9AB4-029AF79BEFF6}.Debug|Any CPU.Build.0 = Debug|Any CPU
		{EBAA2386-1BF8-4915-9AB4-029AF79BEFF6}.Release|Any CPU.ActiveCfg = Release|Any CPU
		{EBAA2386-1BF8-4915-9AB4-029AF79BEFF6}.Release|Any CPU.Build.0 = Release|Any CPU
	EndGlobalSection
	GlobalSection(SolutionProperties) = preSolution
		HideSolutionNode = FALSE
	EndGlobalSection
	GlobalSection(ExtensibilityGlobals) = postSolution
		SolutionGuid = {201A8355-8806-4872-B198-59F6984F9C35}
	EndGlobalSection
EndGlobal
